
Microsoft Visual Studio Solution File, Format Version 12.00
# Visual Studio Version 17
VisualStudioVersion = 17.4.33213.308
MinimumVisualStudioVersion = 10.0.40219.1
Project("{FAE04EC0-301F-11D3-BF4B-00C04F79EFBC}") = "JoKenPo", "JoKenPo\JoKenPo.csproj", "{78403D2E-9330-4AF0-9324-3C8F789398B9}"
EndProject
Global
	GlobalSection(SolutionConfigurationPlatforms) = preSolution
		Debug|Any CPU = Debug|Any CPU
		Release|Any CPU = Release|Any CPU
	EndGlobalSection
	GlobalSection(ProjectConfigurationPlatforms) = postSolution
		{78403D2E-9330-4AF0-9324-3C8F789398B9}.Debug|Any CPU.ActiveCfg = Debug|Any CPU
		{78403D2E-9330-4AF0-9324-3C8F789398B9}.Debug|Any CPU.Build.0 = Debug|Any CPU
		{78403D2E-9330-4AF0-9324-3C8F789398B9}.Release|Any CPU.ActiveCfg = Release|Any CPU
		{78403D2E-9330-4AF0-9324-3C8F789398B9}.Release|Any CPU.Build.0 = Release|Any CPU
	EndGlobalSection
	GlobalSection(SolutionProperties) = preSolution
		HideSolutionNode = FALSE
	EndGlobalSection
	GlobalSection(ExtensibilityGlobals) = postSolution
		SolutionGuid = {34FC861B-6EB2-42E1-A92F-32AA010CF5C7}
	EndGlobalSection
EndGlobal
